
Microsoft Visual Studio Solution File, Format Version 12.00
# Visual Studio Version 17
VisualStudioVersion = 17.9.34701.34
MinimumVisualStudioVersion = 10.0.40219.1
Project("{FAE04EC0-301F-11D3-BF4B-00C04F79EFBC}") = "010_Pizzazz", "010_Pizzazz.csproj", "{31ACD811-E40C-4A1E-A363-14A1AA027F0C}"
EndProject
Global
	GlobalSection(SolutionConfigurationPlatforms) = preSolution
		Debug|Any CPU = Debug|Any CPU
		Release|Any CPU = Release|Any CPU
	EndGlobalSection
	GlobalSection(ProjectConfigurationPlatforms) = postSolution
		{31ACD811-E40C-4A1E-A363-14A1AA027F0C}.Debug|Any CPU.ActiveCfg = Debug|Any CPU
		{31ACD811-E40C-4A1E-A363-14A1AA027F0C}.Debug|Any CPU.Build.0 = Debug|Any CPU
		{31ACD811-E40C-4A1E-A363-14A1AA027F0C}.Release|Any CPU.ActiveCfg = Release|Any CPU
		{31ACD811-E40C-4A1E-A363-14A1AA027F0C}.Release|Any CPU.Build.0 = Release|Any CPU
	EndGlobalSection
	GlobalSection(SolutionProperties) = preSolution
		HideSolutionNode = FALSE
	EndGlobalSection
	GlobalSection(ExtensibilityGlobals) = postSolution
		SolutionGuid = {99C3C293-DB0A-45A1-B0A5-71BC9BFC27F9}
	EndGlobalSection
EndGlobal
