
Microsoft Visual Studio Solution File, Format Version 12.00
# Visual Studio Version 17
VisualStudioVersion = 17.9.34701.34
MinimumVisualStudioVersion = 10.0.40219.1
Project("{FAE04EC0-301F-11D3-BF4B-00C04F79EFBC}") = "001_MyFirstConsoleApp", "001_MyFirstConsoleApp.csproj", "{335C2DB1-8A55-48F3-9DEC-F86D84BEEFFF}"
EndProject
Global
	GlobalSection(SolutionConfigurationPlatforms) = preSolution
		Debug|Any CPU = Debug|Any CPU
		Release|Any CPU = Release|Any CPU
	EndGlobalSection
	GlobalSection(ProjectConfigurationPlatforms) = postSolution
		{335C2DB1-8A55-48F3-9DEC-F86D84BEEFFF}.Debug|Any CPU.ActiveCfg = Debug|Any CPU
		{335C2DB1-8A55-48F3-9DEC-F86D84BEEFFF}.Debug|Any CPU.Build.0 = Debug|Any CPU
		{335C2DB1-8A55-48F3-9DEC-F86D84BEEFFF}.Release|Any CPU.ActiveCfg = Release|Any CPU
		{335C2DB1-8A55-48F3-9DEC-F86D84BEEFFF}.Release|Any CPU.Build.0 = Release|Any CPU
	EndGlobalSection
	GlobalSection(SolutionProperties) = preSolution
		HideSolutionNode = FALSE
	EndGlobalSection
	GlobalSection(ExtensibilityGlobals) = postSolution
		SolutionGuid = {8F79E4E5-371D-4B32-B6EB-714A632D3E4C}
	EndGlobalSection
EndGlobal
