
Microsoft Visual Studio Solution File, Format Version 12.00
# Visual Studio Version 17
VisualStudioVersion = 17.9.34701.34
MinimumVisualStudioVersion = 10.0.40219.1
Project("{9A19103F-16F7-4668-BE54-9A1E7A4F7556}") = "01_LinqTest", "01_LinqTest\01_LinqTest.csproj", "{6C620D19-E026-4B45-A1D4-65E9FAF7FCBB}"
EndProject
Project("{9A19103F-16F7-4668-BE54-9A1E7A4F7556}") = "02_AddSubtract", "02_AddSubtract\02_AddSubtract.csproj", "{BC5C7057-82F8-4F49-81FB-5C6DA3F8D6C6}"
EndProject
Project("{9A19103F-16F7-4668-BE54-9A1E7A4F7556}") = "03_LinqComic", "03_LinqComic\03_LinqComic.csproj", "{40DC19C9-9A45-409C-AA73-96A6F1BDD682}"
EndProject
Project("{9A19103F-16F7-4668-BE54-9A1E7A4F7556}") = "04_magnits", "04_magnits\04_magnits.csproj", "{9F6CFD71-524D-4DE7-86BD-5C960FE34489}"
EndProject
Project("{9A19103F-16F7-4668-BE54-9A1E7A4F7556}") = "05_PrintWhenGetting", "05_PrintWhenGetting\05_PrintWhenGetting.csproj", "{2D4B8485-E8C3-4AA2-8643-BEBA21A9F4F8}"
EndProject
Project("{9A19103F-16F7-4668-BE54-9A1E7A4F7556}") = "06_CardLinq", "06_CardLinq\06_CardLinq.csproj", "{F6F076F3-3AC5-4379-BB21-B95B0F687C3B}"
EndProject
Project("{9A19103F-16F7-4668-BE54-9A1E7A4F7556}") = "07_anonymous", "07_anonymous\07_anonymous.csproj", "{FF9548EC-7C76-4C8C-91CA-B7A53E59C1BB}"
EndProject
Project("{9A19103F-16F7-4668-BE54-9A1E7A4F7556}") = "08_anonymousJoinOn", "08_anonymousJoinOn\08_anonymousJoinOn.csproj", "{349DC13A-DAE4-4957-A82D-C6E8F3F67796}"
EndProject
Project("{9A19103F-16F7-4668-BE54-9A1E7A4F7556}") = "09_JimmyLinq", "09_JimmyLinq\09_JimmyLinq.csproj", "{F38FBA71-58BD-4843-9255-20D0CD8187DD}"
EndProject
Project("{FAE04EC0-301F-11D3-BF4B-00C04F79EFBC}") = "10_JimmyLinqUnitTests", "10_JimmyLinqUnitTests\10_JimmyLinqUnitTests.csproj", "{EDFCB0AC-7F7F-4B01-AB99-5D6786D1CD75}"
EndProject
Project("{FAE04EC0-301F-11D3-BF4B-00C04F79EFBC}") = "11_Lambda_expressions", "11_Lambda_expressions\11_Lambda_expressions.csproj", "{C98F9F43-3CC1-4252-845B-928DB3333BF7}"
EndProject
Project("{FAE04EC0-301F-11D3-BF4B-00C04F79EFBC}") = "12_Lambda_Interface", "12_Lambda_Interface\12_Lambda_Interface.csproj", "{0B01E343-0E3E-494E-89A6-2955CDC38316}"
EndProject
Project("{FAE04EC0-301F-11D3-BF4B-00C04F79EFBC}") = "13_Lambda_Select", "13_Lambda_Select\13_Lambda_Select.csproj", "{D587A992-18F9-4F00-957B-C6E9415E1C0F}"
EndProject
Project("{FAE04EC0-301F-11D3-BF4B-00C04F79EFBC}") = "14_Card", "14_Card\14_Card.csproj", "{66B6B07D-2128-41D0-8A8C-E29D8A8099BB}"
EndProject
Project("{FAE04EC0-301F-11D3-BF4B-00C04F79EFBC}") = "15_ManualSportSequence", "15_ManualSportSequence\15_ManualSportSequence.csproj", "{3E2BFB7B-3129-4B25-8EAE-3FB1EDC9929D}"
EndProject
Project("{FAE04EC0-301F-11D3-BF4B-00C04F79EFBC}") = "16_yield_return", "16_yield_return\16_yield_return.csproj", "{07B443C6-BF19-47EA-B7DB-5EA8E86A2D0F}"
EndProject
Project("{FAE04EC0-301F-11D3-BF4B-00C04F79EFBC}") = "17_PowersOfTwo", "17_PowersOfTwo\17_PowersOfTwo.csproj", "{E2936197-0BB5-4F92-900E-A77E3132B012}"
EndProject
Global
	GlobalSection(SolutionConfigurationPlatforms) = preSolution
		Debug|Any CPU = Debug|Any CPU
		Release|Any CPU = Release|Any CPU
	EndGlobalSection
	GlobalSection(ProjectConfigurationPlatforms) = postSolution
		{6C620D19-E026-4B45-A1D4-65E9FAF7FCBB}.Debug|Any CPU.ActiveCfg = Debug|Any CPU
		{6C620D19-E026-4B45-A1D4-65E9FAF7FCBB}.Debug|Any CPU.Build.0 = Debug|Any CPU
		{6C620D19-E026-4B45-A1D4-65E9FAF7FCBB}.Release|Any CPU.ActiveCfg = Release|Any CPU
		{6C620D19-E026-4B45-A1D4-65E9FAF7FCBB}.Release|Any CPU.Build.0 = Release|Any CPU
		{BC5C7057-82F8-4F49-81FB-5C6DA3F8D6C6}.Debug|Any CPU.ActiveCfg = Debug|Any CPU
		{BC5C7057-82F8-4F49-81FB-5C6DA3F8D6C6}.Debug|Any CPU.Build.0 = Debug|Any CPU
		{BC5C7057-82F8-4F49-81FB-5C6DA3F8D6C6}.Release|Any CPU.ActiveCfg = Release|Any CPU
		{BC5C7057-82F8-4F49-81FB-5C6DA3F8D6C6}.Release|Any CPU.Build.0 = Release|Any CPU
		{40DC19C9-9A45-409C-AA73-96A6F1BDD682}.Debug|Any CPU.ActiveCfg = Debug|Any CPU
		{40DC19C9-9A45-409C-AA73-96A6F1BDD682}.Debug|Any CPU.Build.0 = Debug|Any CPU
		{40DC19C9-9A45-409C-AA73-96A6F1BDD682}.Release|Any CPU.ActiveCfg = Release|Any CPU
		{40DC19C9-9A45-409C-AA73-96A6F1BDD682}.Release|Any CPU.Build.0 = Release|Any CPU
		{9F6CFD71-524D-4DE7-86BD-5C960FE34489}.Debug|Any CPU.ActiveCfg = Debug|Any CPU
		{9F6CFD71-524D-4DE7-86BD-5C960FE34489}.Debug|Any CPU.Build.0 = Debug|Any CPU
		{9F6CFD71-524D-4DE7-86BD-5C960FE34489}.Release|Any CPU.ActiveCfg = Release|Any CPU
		{9F6CFD71-524D-4DE7-86BD-5C960FE34489}.Release|Any CPU.Build.0 = Release|Any CPU
		{2D4B8485-E8C3-4AA2-8643-BEBA21A9F4F8}.Debug|Any CPU.ActiveCfg = Debug|Any CPU
		{2D4B8485-E8C3-4AA2-8643-BEBA21A9F4F8}.Debug|Any CPU.Build.0 = Debug|Any CPU
		{2D4B8485-E8C3-4AA2-8643-BEBA21A9F4F8}.Release|Any CPU.ActiveCfg = Release|Any CPU
		{2D4B8485-E8C3-4AA2-8643-BEBA21A9F4F8}.Release|Any CPU.Build.0 = Release|Any CPU
		{F6F076F3-3AC5-4379-BB21-B95B0F687C3B}.Debug|Any CPU.ActiveCfg = Debug|Any CPU
		{F6F076F3-3AC5-4379-BB21-B95B0F687C3B}.Debug|Any CPU.Build.0 = Debug|Any CPU
		{F6F076F3-3AC5-4379-BB21-B95B0F687C3B}.Release|Any CPU.ActiveCfg = Release|Any CPU
		{F6F076F3-3AC5-4379-BB21-B95B0F687C3B}.Release|Any CPU.Build.0 = Release|Any CPU
		{FF9548EC-7C76-4C8C-91CA-B7A53E59C1BB}.Debug|Any CPU.ActiveCfg = Debug|Any CPU
		{FF9548EC-7C76-4C8C-91CA-B7A53E59C1BB}.Debug|Any CPU.Build.0 = Debug|Any CPU
		{FF9548EC-7C76-4C8C-91CA-B7A53E59C1BB}.Release|Any CPU.ActiveCfg = Release|Any CPU
		{FF9548EC-7C76-4C8C-91CA-B7A53E59C1BB}.Release|Any CPU.Build.0 = Release|Any CPU
		{349DC13A-DAE4-4957-A82D-C6E8F3F67796}.Debug|Any CPU.ActiveCfg = Debug|Any CPU
		{349DC13A-DAE4-4957-A82D-C6E8F3F67796}.Debug|Any CPU.Build.0 = Debug|Any CPU
		{349DC13A-DAE4-4957-A82D-C6E8F3F67796}.Release|Any CPU.ActiveCfg = Release|Any CPU
		{349DC13A-DAE4-4957-A82D-C6E8F3F67796}.Release|Any CPU.Build.0 = Release|Any CPU
		{F38FBA71-58BD-4843-9255-20D0CD8187DD}.Debug|Any CPU.ActiveCfg = Debug|Any CPU
		{F38FBA71-58BD-4843-9255-20D0CD8187DD}.Debug|Any CPU.Build.0 = Debug|Any CPU
		{F38FBA71-58BD-4843-9255-20D0CD8187DD}.Release|Any CPU.ActiveCfg = Release|Any CPU
		{F38FBA71-58BD-4843-9255-20D0CD8187DD}.Release|Any CPU.Build.0 = Release|Any CPU
		{EDFCB0AC-7F7F-4B01-AB99-5D6786D1CD75}.Debug|Any CPU.ActiveCfg = Debug|Any CPU
		{EDFCB0AC-7F7F-4B01-AB99-5D6786D1CD75}.Debug|Any CPU.Build.0 = Debug|Any CPU
		{EDFCB0AC-7F7F-4B01-AB99-5D6786D1CD75}.Release|Any CPU.ActiveCfg = Release|Any CPU
		{EDFCB0AC-7F7F-4B01-AB99-5D6786D1CD75}.Release|Any CPU.Build.0 = Release|Any CPU
		{C98F9F43-3CC1-4252-845B-928DB3333BF7}.Debug|Any CPU.ActiveCfg = Debug|Any CPU
		{C98F9F43-3CC1-4252-845B-928DB3333BF7}.Debug|Any CPU.Build.0 = Debug|Any CPU
		{C98F9F43-3CC1-4252-845B-928DB3333BF7}.Release|Any CPU.ActiveCfg = Release|Any CPU
		{C98F9F43-3CC1-4252-845B-928DB3333BF7}.Release|Any CPU.Build.0 = Release|Any CPU
		{0B01E343-0E3E-494E-89A6-2955CDC38316}.Debug|Any CPU.ActiveCfg = Debug|Any CPU
		{0B01E343-0E3E-494E-89A6-2955CDC38316}.Debug|Any CPU.Build.0 = Debug|Any CPU
		{0B01E343-0E3E-494E-89A6-2955CDC38316}.Release|Any CPU.ActiveCfg = Release|Any CPU
		{0B01E343-0E3E-494E-89A6-2955CDC38316}.Release|Any CPU.Build.0 = Release|Any CPU
		{D587A992-18F9-4F00-957B-C6E9415E1C0F}.Debug|Any CPU.ActiveCfg = Debug|Any CPU
		{D587A992-18F9-4F00-957B-C6E9415E1C0F}.Debug|Any CPU.Build.0 = Debug|Any CPU
		{D587A992-18F9-4F00-957B-C6E9415E1C0F}.Release|Any CPU.ActiveCfg = Release|Any CPU
		{D587A992-18F9-4F00-957B-C6E9415E1C0F}.Release|Any CPU.Build.0 = Release|Any CPU
		{66B6B07D-2128-41D0-8A8C-E29D8A8099BB}.Debug|Any CPU.ActiveCfg = Debug|Any CPU
		{66B6B07D-2128-41D0-8A8C-E29D8A8099BB}.Debug|Any CPU.Build.0 = Debug|Any CPU
		{66B6B07D-2128-41D0-8A8C-E29D8A8099BB}.Release|Any CPU.ActiveCfg = Release|Any CPU
		{66B6B07D-2128-41D0-8A8C-E29D8A8099BB}.Release|Any CPU.Build.0 = Release|Any CPU
		{3E2BFB7B-3129-4B25-8EAE-3FB1EDC9929D}.Debug|Any CPU.ActiveCfg = Debug|Any CPU
		{3E2BFB7B-3129-4B25-8EAE-3FB1EDC9929D}.Debug|Any CPU.Build.0 = Debug|Any CPU
		{3E2BFB7B-3129-4B25-8EAE-3FB1EDC9929D}.Release|Any CPU.ActiveCfg = Release|Any CPU
		{3E2BFB7B-3129-4B25-8EAE-3FB1EDC9929D}.Release|Any CPU.Build.0 = Release|Any CPU
		{07B443C6-BF19-47EA-B7DB-5EA8E86A2D0F}.Debug|Any CPU.ActiveCfg = Debug|Any CPU
		{07B443C6-BF19-47EA-B7DB-5EA8E86A2D0F}.Debug|Any CPU.Build.0 = Debug|Any CPU
		{07B443C6-BF19-47EA-B7DB-5EA8E86A2D0F}.Release|Any CPU.ActiveCfg = Release|Any CPU
		{07B443C6-BF19-47EA-B7DB-5EA8E86A2D0F}.Release|Any CPU.Build.0 = Release|Any CPU
		{E2936197-0BB5-4F92-900E-A77E3132B012}.Debug|Any CPU.ActiveCfg = Debug|Any CPU
		{E2936197-0BB5-4F92-900E-A77E3132B012}.Debug|Any CPU.Build.0 = Debug|Any CPU
		{E2936197-0BB5-4F92-900E-A77E3132B012}.Release|Any CPU.ActiveCfg = Release|Any CPU
		{E2936197-0BB5-4F92-900E-A77E3132B012}.Release|Any CPU.Build.0 = Release|Any CPU
	EndGlobalSection
	GlobalSection(SolutionProperties) = preSolution
		HideSolutionNode = FALSE
	EndGlobalSection
	GlobalSection(ExtensibilityGlobals) = postSolution
		SolutionGuid = {58059B83-081E-49C2-9D75-F81011F22D0E}
	EndGlobalSection
EndGlobal
