
Microsoft Visual Studio Solution File, Format Version 12.00
# Visual Studio Version 17
VisualStudioVersion = 17.9.34701.34
MinimumVisualStudioVersion = 10.0.40219.1
Project("{FAE04EC0-301F-11D3-BF4B-00C04F79EFBC}") = "007_Clown", "007_Clown.csproj", "{915A605B-37F2-49F8-A093-2D769AA66F09}"
EndProject
Global
	GlobalSection(SolutionConfigurationPlatforms) = preSolution
		Debug|Any CPU = Debug|Any CPU
		Release|Any CPU = Release|Any CPU
	EndGlobalSection
	GlobalSection(ProjectConfigurationPlatforms) = postSolution
		{915A605B-37F2-49F8-A093-2D769AA66F09}.Debug|Any CPU.ActiveCfg = Debug|Any CPU
		{915A605B-37F2-49F8-A093-2D769AA66F09}.Debug|Any CPU.Build.0 = Debug|Any CPU
		{915A605B-37F2-49F8-A093-2D769AA66F09}.Release|Any CPU.ActiveCfg = Release|Any CPU
		{915A605B-37F2-49F8-A093-2D769AA66F09}.Release|Any CPU.Build.0 = Release|Any CPU
	EndGlobalSection
	GlobalSection(SolutionProperties) = preSolution
		HideSolutionNode = FALSE
	EndGlobalSection
	GlobalSection(ExtensibilityGlobals) = postSolution
		SolutionGuid = {9D130E3A-11AC-4002-B29F-3E6E3612ED60}
	EndGlobalSection
EndGlobal
