
Microsoft Visual Studio Solution File, Format Version 12.00
# Visual Studio Version 17
VisualStudioVersion = 17.9.34701.34
MinimumVisualStudioVersion = 10.0.40219.1
Project("{9A19103F-16F7-4668-BE54-9A1E7A4F7556}") = "01_IsFinite", "01_IsFinite\01_IsFinite.csproj", "{B3A4C2E3-2035-49C7-8BDE-20930F9F69D9}"
EndProject
Project("{9A19103F-16F7-4668-BE54-9A1E7A4F7556}") = "02_ConsoleApp1", "02_ConsoleApp1\02_ConsoleApp1.csproj", "{AA2DC696-59EF-4577-B2C4-DED95E58D3F6}"
EndProject
Project("{9A19103F-16F7-4668-BE54-9A1E7A4F7556}") = "03_AbilityScoreTester", "03_AbilityScoreTester\03_AbilityScoreTester.csproj", "{E72E903B-D065-4527-B2A2-E78CEC6854ED}"
EndProject
Project("{9A19103F-16F7-4668-BE54-9A1E7A4F7556}") = "04_сумма double", "04_сумма double\04_сумма double.csproj", "{AEF6D968-47E9-4F41-97FA-14DF426B7E91}"
EndProject
Project("{9A19103F-16F7-4668-BE54-9A1E7A4F7556}") = "05_Elephant", "05_Elephant\05_Elephant.csproj", "{091E592A-AD1D-403D-91BD-744949289513}"
EndProject
Project("{9A19103F-16F7-4668-BE54-9A1E7A4F7556}") = "06_Random", "06_Random\06_Random.csproj", "{A9B65EA8-DBF4-4684-9105-42E5FEF49604}"
EndProject
Project("{FAE04EC0-301F-11D3-BF4B-00C04F79EFBC}") = "07_Menu", "07_Menu\07_Menu.csproj", "{0511F929-1266-431B-AB34-075858D52D46}"
EndProject
Global
	GlobalSection(SolutionConfigurationPlatforms) = preSolution
		Debug|Any CPU = Debug|Any CPU
		Release|Any CPU = Release|Any CPU
	EndGlobalSection
	GlobalSection(ProjectConfigurationPlatforms) = postSolution
		{B3A4C2E3-2035-49C7-8BDE-20930F9F69D9}.Debug|Any CPU.ActiveCfg = Debug|Any CPU
		{B3A4C2E3-2035-49C7-8BDE-20930F9F69D9}.Debug|Any CPU.Build.0 = Debug|Any CPU
		{B3A4C2E3-2035-49C7-8BDE-20930F9F69D9}.Release|Any CPU.ActiveCfg = Release|Any CPU
		{B3A4C2E3-2035-49C7-8BDE-20930F9F69D9}.Release|Any CPU.Build.0 = Release|Any CPU
		{AA2DC696-59EF-4577-B2C4-DED95E58D3F6}.Debug|Any CPU.ActiveCfg = Debug|Any CPU
		{AA2DC696-59EF-4577-B2C4-DED95E58D3F6}.Debug|Any CPU.Build.0 = Debug|Any CPU
		{AA2DC696-59EF-4577-B2C4-DED95E58D3F6}.Release|Any CPU.ActiveCfg = Release|Any CPU
		{AA2DC696-59EF-4577-B2C4-DED95E58D3F6}.Release|Any CPU.Build.0 = Release|Any CPU
		{E72E903B-D065-4527-B2A2-E78CEC6854ED}.Debug|Any CPU.ActiveCfg = Debug|Any CPU
		{E72E903B-D065-4527-B2A2-E78CEC6854ED}.Debug|Any CPU.Build.0 = Debug|Any CPU
		{E72E903B-D065-4527-B2A2-E78CEC6854ED}.Release|Any CPU.ActiveCfg = Release|Any CPU
		{E72E903B-D065-4527-B2A2-E78CEC6854ED}.Release|Any CPU.Build.0 = Release|Any CPU
		{AEF6D968-47E9-4F41-97FA-14DF426B7E91}.Debug|Any CPU.ActiveCfg = Debug|Any CPU
		{AEF6D968-47E9-4F41-97FA-14DF426B7E91}.Debug|Any CPU.Build.0 = Debug|Any CPU
		{AEF6D968-47E9-4F41-97FA-14DF426B7E91}.Release|Any CPU.ActiveCfg = Release|Any CPU
		{AEF6D968-47E9-4F41-97FA-14DF426B7E91}.Release|Any CPU.Build.0 = Release|Any CPU
		{091E592A-AD1D-403D-91BD-744949289513}.Debug|Any CPU.ActiveCfg = Debug|Any CPU
		{091E592A-AD1D-403D-91BD-744949289513}.Debug|Any CPU.Build.0 = Debug|Any CPU
		{091E592A-AD1D-403D-91BD-744949289513}.Release|Any CPU.ActiveCfg = Release|Any CPU
		{091E592A-AD1D-403D-91BD-744949289513}.Release|Any CPU.Build.0 = Release|Any CPU
		{A9B65EA8-DBF4-4684-9105-42E5FEF49604}.Debug|Any CPU.ActiveCfg = Debug|Any CPU
		{A9B65EA8-DBF4-4684-9105-42E5FEF49604}.Debug|Any CPU.Build.0 = Debug|Any CPU
		{A9B65EA8-DBF4-4684-9105-42E5FEF49604}.Release|Any CPU.ActiveCfg = Release|Any CPU
		{A9B65EA8-DBF4-4684-9105-42E5FEF49604}.Release|Any CPU.Build.0 = Release|Any CPU
		{0511F929-1266-431B-AB34-075858D52D46}.Debug|Any CPU.ActiveCfg = Debug|Any CPU
		{0511F929-1266-431B-AB34-075858D52D46}.Debug|Any CPU.Build.0 = Debug|Any CPU
		{0511F929-1266-431B-AB34-075858D52D46}.Release|Any CPU.ActiveCfg = Release|Any CPU
		{0511F929-1266-431B-AB34-075858D52D46}.Release|Any CPU.Build.0 = Release|Any CPU
	EndGlobalSection
	GlobalSection(SolutionProperties) = preSolution
		HideSolutionNode = FALSE
	EndGlobalSection
	GlobalSection(ExtensibilityGlobals) = postSolution
		SolutionGuid = {9142C8A8-8311-4EC9-81CE-0F2B371E5C13}
	EndGlobalSection
EndGlobal
